
Microsoft Visual Studio Solution File, Format Version 12.00
# Visual Studio 15
VisualStudioVersion = 15.0.26430.6
MinimumVisualStudioVersion = 10.0.40219.1
Project("{FAE04EC0-301F-11D3-BF4B-00C04F79EFBC}") = "GhostWriter", "GhostWriter\GhostWriter.csproj", "{B74952A3-14E2-4FCA-AC14-DBA999702696}"
EndProject
Project("{FAE04EC0-301F-11D3-BF4B-00C04F79EFBC}") = "GhostWriter.Tests", "GhostWriter.Tests\GhostWriter.Tests.csproj", "{A629B716-E6D6-49E6-A0A9-12892144BC0D}"
EndProject
Global
	GlobalSection(SolutionConfigurationPlatforms) = preSolution
		Debug|Any CPU = Debug|Any CPU
		Release|Any CPU = Release|Any CPU
	EndGlobalSection
	GlobalSection(ProjectConfigurationPlatforms) = postSolution
		{B74952A3-14E2-4FCA-AC14-DBA999702696}.Debug|Any CPU.ActiveCfg = Debug|Any CPU
		{B74952A3-14E2-4FCA-AC14-DBA999702696}.Debug|Any CPU.Build.0 = Debug|Any CPU
		{B74952A3-14E2-4FCA-AC14-DBA999702696}.Release|Any CPU.ActiveCfg = Release|Any CPU
		{B74952A3-14E2-4FCA-AC14-DBA999702696}.Release|Any CPU.Build.0 = Release|Any CPU
		{A629B716-E6D6-49E6-A0A9-12892144BC0D}.Debug|Any CPU.ActiveCfg = Debug|Any CPU
		{A629B716-E6D6-49E6-A0A9-12892144BC0D}.Debug|Any CPU.Build.0 = Debug|Any CPU
		{A629B716-E6D6-49E6-A0A9-12892144BC0D}.Release|Any CPU.ActiveCfg = Release|Any CPU
		{A629B716-E6D6-49E6-A0A9-12892144BC0D}.Release|Any CPU.Build.0 = Release|Any CPU
	EndGlobalSection
	GlobalSection(SolutionProperties) = preSolution
		HideSolutionNode = FALSE
	EndGlobalSection
EndGlobal
